
Microsoft Visual Studio Solution File, Format Version 12.00
# Visual Studio Version 16
VisualStudioVersion = 16.0.30114.128
MinimumVisualStudioVersion = 15.0.26124.0
Project("{2150E333-8FDC-42A3-9474-1A3956D46DE8}") = "src", "src", "{A6A87B6F-E765-4D56-A361-58161ADD7B27}"
EndProject
Project("{9A19103F-16F7-4668-BE54-9A1E7A4F7556}") = "Samachar.API", "src\Samachar.API\Samachar.API.csproj", "{98762188-AE7D-4109-963E-D3EC267DADD4}"
EndProject
Project("{9A19103F-16F7-4668-BE54-9A1E7A4F7556}") = "Samachar.Core", "src\Samachar.Core\Samachar.Core.csproj", "{C7AF0373-C09A-4E06-BCA5-5D6702CE4707}"
EndProject
Project("{9A19103F-16F7-4668-BE54-9A1E7A4F7556}") = "Samachar.Domain", "src\Samachar.Domain\Samachar.Domain.csproj", "{8546305E-BFE0-4B7B-B597-08D0B51AEBA1}"
EndProject
Project("{9A19103F-16F7-4668-BE54-9A1E7A4F7556}") = "Samachar.Service", "src\Samachar.Service\Samachar.Service.csproj", "{0450DE1B-044D-4E46-B170-8CB2FFF04F15}"
EndProject
Project("{9A19103F-16F7-4668-BE54-9A1E7A4F7556}") = "Samachar.Repository", "src\Samachar.Repository\Samachar.Repository.csproj", "{DA698D2C-C404-4F36-9EA9-68627BCEF3EC}"
EndProject
Project("{2150E333-8FDC-42A3-9474-1A3956D46DE8}") = "DbProvider", "DbProvider", "{C90D80CD-F8AF-4E28-98A5-19595CE3A7B5}"
EndProject
Project("{2150E333-8FDC-42A3-9474-1A3956D46DE8}") = "tests", "tests", "{34FC62CD-1B1E-4972-B01C-5CFF8CA9EACA}"
EndProject
Project("{2150E333-8FDC-42A3-9474-1A3956D46DE8}") = "UnitTesting", "UnitTesting", "{090B5141-8B22-49F4-9099-9307C9B12D7E}"
EndProject
Project("{9A19103F-16F7-4668-BE54-9A1E7A4F7556}") = "Samachar.Service.Tests", "tests\UnitTesting\Samachar.Service.Tests\Samachar.Service.Tests.csproj", "{F38F988A-F143-4CB9-BAB6-805AF4700A39}"
EndProject
Project("{9A19103F-16F7-4668-BE54-9A1E7A4F7556}") = "Samachar", "src\Samachar\Samachar.csproj", "{95191322-7386-4F04-B810-A758886FDA6D}"
EndProject
Project("{9A19103F-16F7-4668-BE54-9A1E7A4F7556}") = "Samachar.Data.PostgreSQL", "src\DbProvider\Samachar.Data.PostgreSQL\Samachar.Data.PostgreSQL.csproj", "{23F141F5-8AC2-4035-8655-982120313B61}"
EndProject
Project("{9A19103F-16F7-4668-BE54-9A1E7A4F7556}") = "Samachar.Data.MSSQL", "src\DbProvider\Samachar.Data.MSSQL\Samachar.Data.MSSQL.csproj", "{EEE7E5A1-5EC3-46EC-BA46-5432B29E0101}"
EndProject
Project("{FAE04EC0-301F-11D3-BF4B-00C04F79EFBC}") = "Samachar.Web", "src\Samachar.Web\Samachar.Web.csproj", "{C98016F8-F8AC-4D51-9428-E0AFCF8202B6}"
EndProject
Global
	GlobalSection(SolutionConfigurationPlatforms) = preSolution
		Debug|Any CPU = Debug|Any CPU
		Debug|x64 = Debug|x64
		Debug|x86 = Debug|x86
		Release|Any CPU = Release|Any CPU
		Release|x64 = Release|x64
		Release|x86 = Release|x86
	EndGlobalSection
	GlobalSection(ProjectConfigurationPlatforms) = postSolution
		{98762188-AE7D-4109-963E-D3EC267DADD4}.Debug|Any CPU.ActiveCfg = Debug|Any CPU
		{98762188-AE7D-4109-963E-D3EC267DADD4}.Debug|Any CPU.Build.0 = Debug|Any CPU
		{98762188-AE7D-4109-963E-D3EC267DADD4}.Debug|x64.ActiveCfg = Debug|Any CPU
		{98762188-AE7D-4109-963E-D3EC267DADD4}.Debug|x64.Build.0 = Debug|Any CPU
		{98762188-AE7D-4109-963E-D3EC267DADD4}.Debug|x86.ActiveCfg = Debug|Any CPU
		{98762188-AE7D-4109-963E-D3EC267DADD4}.Debug|x86.Build.0 = Debug|Any CPU
		{98762188-AE7D-4109-963E-D3EC267DADD4}.Release|Any CPU.ActiveCfg = Release|Any CPU
		{98762188-AE7D-4109-963E-D3EC267DADD4}.Release|Any CPU.Build.0 = Release|Any CPU
		{98762188-AE7D-4109-963E-D3EC267DADD4}.Release|x64.ActiveCfg = Release|Any CPU
		{98762188-AE7D-4109-963E-D3EC267DADD4}.Release|x64.Build.0 = Release|Any CPU
		{98762188-AE7D-4109-963E-D3EC267DADD4}.Release|x86.ActiveCfg = Release|Any CPU
		{98762188-AE7D-4109-963E-D3EC267DADD4}.Release|x86.Build.0 = Release|Any CPU
		{C7AF0373-C09A-4E06-BCA5-5D6702CE4707}.Debug|Any CPU.ActiveCfg = Debug|Any CPU
		{C7AF0373-C09A-4E06-BCA5-5D6702CE4707}.Debug|Any CPU.Build.0 = Debug|Any CPU
		{C7AF0373-C09A-4E06-BCA5-5D6702CE4707}.Debug|x64.ActiveCfg = Debug|Any CPU
		{C7AF0373-C09A-4E06-BCA5-5D6702CE4707}.Debug|x64.Build.0 = Debug|Any CPU
		{C7AF0373-C09A-4E06-BCA5-5D6702CE4707}.Debug|x86.ActiveCfg = Debug|Any CPU
		{C7AF0373-C09A-4E06-BCA5-5D6702CE4707}.Debug|x86.Build.0 = Debug|Any CPU
		{C7AF0373-C09A-4E06-BCA5-5D6702CE4707}.Release|Any CPU.ActiveCfg = Release|Any CPU
		{C7AF0373-C09A-4E06-BCA5-5D6702CE4707}.Release|Any CPU.Build.0 = Release|Any CPU
		{C7AF0373-C09A-4E06-BCA5-5D6702CE4707}.Release|x64.ActiveCfg = Release|Any CPU
		{C7AF0373-C09A-4E06-BCA5-5D6702CE4707}.Release|x64.Build.0 = Release|Any CPU
		{C7AF0373-C09A-4E06-BCA5-5D6702CE4707}.Release|x86.ActiveCfg = Release|Any CPU
		{C7AF0373-C09A-4E06-BCA5-5D6702CE4707}.Release|x86.Build.0 = Release|Any CPU
		{8546305E-BFE0-4B7B-B597-08D0B51AEBA1}.Debug|Any CPU.ActiveCfg = Debug|Any CPU
		{8546305E-BFE0-4B7B-B597-08D0B51AEBA1}.Debug|Any CPU.Build.0 = Debug|Any CPU
		{8546305E-BFE0-4B7B-B597-08D0B51AEBA1}.Debug|x64.ActiveCfg = Debug|Any CPU
		{8546305E-BFE0-4B7B-B597-08D0B51AEBA1}.Debug|x64.Build.0 = Debug|Any CPU
		{8546305E-BFE0-4B7B-B597-08D0B51AEBA1}.Debug|x86.ActiveCfg = Debug|Any CPU
		{8546305E-BFE0-4B7B-B597-08D0B51AEBA1}.Debug|x86.Build.0 = Debug|Any CPU
		{8546305E-BFE0-4B7B-B597-08D0B51AEBA1}.Release|Any CPU.ActiveCfg = Release|Any CPU
		{8546305E-BFE0-4B7B-B597-08D0B51AEBA1}.Release|Any CPU.Build.0 = Release|Any CPU
		{8546305E-BFE0-4B7B-B597-08D0B51AEBA1}.Release|x64.ActiveCfg = Release|Any CPU
		{8546305E-BFE0-4B7B-B597-08D0B51AEBA1}.Release|x64.Build.0 = Release|Any CPU
		{8546305E-BFE0-4B7B-B597-08D0B51AEBA1}.Release|x86.ActiveCfg = Release|Any CPU
		{8546305E-BFE0-4B7B-B597-08D0B51AEBA1}.Release|x86.Build.0 = Release|Any CPU
		{0450DE1B-044D-4E46-B170-8CB2FFF04F15}.Debug|Any CPU.ActiveCfg = Debug|Any CPU
		{0450DE1B-044D-4E46-B170-8CB2FFF04F15}.Debug|Any CPU.Build.0 = Debug|Any CPU
		{0450DE1B-044D-4E46-B170-8CB2FFF04F15}.Debug|x64.ActiveCfg = Debug|Any CPU
		{0450DE1B-044D-4E46-B170-8CB2FFF04F15}.Debug|x64.Build.0 = Debug|Any CPU
		{0450DE1B-044D-4E46-B170-8CB2FFF04F15}.Debug|x86.ActiveCfg = Debug|Any CPU
		{0450DE1B-044D-4E46-B170-8CB2FFF04F15}.Debug|x86.Build.0 = Debug|Any CPU
		{0450DE1B-044D-4E46-B170-8CB2FFF04F15}.Release|Any CPU.ActiveCfg = Release|Any CPU
		{0450DE1B-044D-4E46-B170-8CB2FFF04F15}.Release|Any CPU.Build.0 = Release|Any CPU
		{0450DE1B-044D-4E46-B170-8CB2FFF04F15}.Release|x64.ActiveCfg = Release|Any CPU
		{0450DE1B-044D-4E46-B170-8CB2FFF04F15}.Release|x64.Build.0 = Release|Any CPU
		{0450DE1B-044D-4E46-B170-8CB2FFF04F15}.Release|x86.ActiveCfg = Release|Any CPU
		{0450DE1B-044D-4E46-B170-8CB2FFF04F15}.Release|x86.Build.0 = Release|Any CPU
		{DA698D2C-C404-4F36-9EA9-68627BCEF3EC}.Debug|Any CPU.ActiveCfg = Debug|Any CPU
		{DA698D2C-C404-4F36-9EA9-68627BCEF3EC}.Debug|Any CPU.Build.0 = Debug|Any CPU
		{DA698D2C-C404-4F36-9EA9-68627BCEF3EC}.Debug|x64.ActiveCfg = Debug|Any CPU
		{DA698D2C-C404-4F36-9EA9-68627BCEF3EC}.Debug|x64.Build.0 = Debug|Any CPU
		{DA698D2C-C404-4F36-9EA9-68627BCEF3EC}.Debug|x86.ActiveCfg = Debug|Any CPU
		{DA698D2C-C404-4F36-9EA9-68627BCEF3EC}.Debug|x86.Build.0 = Debug|Any CPU
		{DA698D2C-C404-4F36-9EA9-68627BCEF3EC}.Release|Any CPU.ActiveCfg = Release|Any CPU
		{DA698D2C-C404-4F36-9EA9-68627BCEF3EC}.Release|Any CPU.Build.0 = Release|Any CPU
		{DA698D2C-C404-4F36-9EA9-68627BCEF3EC}.Release|x64.ActiveCfg = Release|Any CPU
		{DA698D2C-C404-4F36-9EA9-68627BCEF3EC}.Release|x64.Build.0 = Release|Any CPU
		{DA698D2C-C404-4F36-9EA9-68627BCEF3EC}.Release|x86.ActiveCfg = Release|Any CPU
		{DA698D2C-C404-4F36-9EA9-68627BCEF3EC}.Release|x86.Build.0 = Release|Any CPU
		{F38F988A-F143-4CB9-BAB6-805AF4700A39}.Debug|Any CPU.ActiveCfg = Debug|Any CPU
		{F38F988A-F143-4CB9-BAB6-805AF4700A39}.Debug|Any CPU.Build.0 = Debug|Any CPU
		{F38F988A-F143-4CB9-BAB6-805AF4700A39}.Debug|x64.ActiveCfg = Debug|Any CPU
		{F38F988A-F143-4CB9-BAB6-805AF4700A39}.Debug|x64.Build.0 = Debug|Any CPU
		{F38F988A-F143-4CB9-BAB6-805AF4700A39}.Debug|x86.ActiveCfg = Debug|Any CPU
		{F38F988A-F143-4CB9-BAB6-805AF4700A39}.Debug|x86.Build.0 = Debug|Any CPU
		{F38F988A-F143-4CB9-BAB6-805AF4700A39}.Release|Any CPU.ActiveCfg = Release|Any CPU
		{F38F988A-F143-4CB9-BAB6-805AF4700A39}.Release|Any CPU.Build.0 = Release|Any CPU
		{F38F988A-F143-4CB9-BAB6-805AF4700A39}.Release|x64.ActiveCfg = Release|Any CPU
		{F38F988A-F143-4CB9-BAB6-805AF4700A39}.Release|x64.Build.0 = Release|Any CPU
		{F38F988A-F143-4CB9-BAB6-805AF4700A39}.Release|x86.ActiveCfg = Release|Any CPU
		{F38F988A-F143-4CB9-BAB6-805AF4700A39}.Release|x86.Build.0 = Release|Any CPU
		{95191322-7386-4F04-B810-A758886FDA6D}.Debug|Any CPU.ActiveCfg = Debug|Any CPU
		{95191322-7386-4F04-B810-A758886FDA6D}.Debug|Any CPU.Build.0 = Debug|Any CPU
		{95191322-7386-4F04-B810-A758886FDA6D}.Debug|x64.ActiveCfg = Debug|Any CPU
		{95191322-7386-4F04-B810-A758886FDA6D}.Debug|x64.Build.0 = Debug|Any CPU
		{95191322-7386-4F04-B810-A758886FDA6D}.Debug|x86.ActiveCfg = Debug|Any CPU
		{95191322-7386-4F04-B810-A758886FDA6D}.Debug|x86.Build.0 = Debug|Any CPU
		{95191322-7386-4F04-B810-A758886FDA6D}.Release|Any CPU.ActiveCfg = Release|Any CPU
		{95191322-7386-4F04-B810-A758886FDA6D}.Release|Any CPU.Build.0 = Release|Any CPU
		{95191322-7386-4F04-B810-A758886FDA6D}.Release|x64.ActiveCfg = Release|Any CPU
		{95191322-7386-4F04-B810-A758886FDA6D}.Release|x64.Build.0 = Release|Any CPU
		{95191322-7386-4F04-B810-A758886FDA6D}.Release|x86.ActiveCfg = Release|Any CPU
		{95191322-7386-4F04-B810-A758886FDA6D}.Release|x86.Build.0 = Release|Any CPU
		{23F141F5-8AC2-4035-8655-982120313B61}.Debug|Any CPU.ActiveCfg = Debug|Any CPU
		{23F141F5-8AC2-4035-8655-982120313B61}.Debug|Any CPU.Build.0 = Debug|Any CPU
		{23F141F5-8AC2-4035-8655-982120313B61}.Debug|x64.ActiveCfg = Debug|Any CPU
		{23F141F5-8AC2-4035-8655-982120313B61}.Debug|x64.Build.0 = Debug|Any CPU
		{23F141F5-8AC2-4035-8655-982120313B61}.Debug|x86.ActiveCfg = Debug|Any CPU
		{23F141F5-8AC2-4035-8655-982120313B61}.Debug|x86.Build.0 = Debug|Any CPU
		{23F141F5-8AC2-4035-8655-982120313B61}.Release|Any CPU.ActiveCfg = Release|Any CPU
		{23F141F5-8AC2-4035-8655-982120313B61}.Release|Any CPU.Build.0 = Release|Any CPU
		{23F141F5-8AC2-4035-8655-982120313B61}.Release|x64.ActiveCfg = Release|Any CPU
		{23F141F5-8AC2-4035-8655-982120313B61}.Release|x64.Build.0 = Release|Any CPU
		{23F141F5-8AC2-4035-8655-982120313B61}.Release|x86.ActiveCfg = Release|Any CPU
		{23F141F5-8AC2-4035-8655-982120313B61}.Release|x86.Build.0 = Release|Any CPU
		{EEE7E5A1-5EC3-46EC-BA46-5432B29E0101}.Debug|Any CPU.ActiveCfg = Debug|Any CPU
		{EEE7E5A1-5EC3-46EC-BA46-5432B29E0101}.Debug|Any CPU.Build.0 = Debug|Any CPU
		{EEE7E5A1-5EC3-46EC-BA46-5432B29E0101}.Debug|x64.ActiveCfg = Debug|Any CPU
		{EEE7E5A1-5EC3-46EC-BA46-5432B29E0101}.Debug|x64.Build.0 = Debug|Any CPU
		{EEE7E5A1-5EC3-46EC-BA46-5432B29E0101}.Debug|x86.ActiveCfg = Debug|Any CPU
		{EEE7E5A1-5EC3-46EC-BA46-5432B29E0101}.Debug|x86.Build.0 = Debug|Any CPU
		{EEE7E5A1-5EC3-46EC-BA46-5432B29E0101}.Release|Any CPU.ActiveCfg = Release|Any CPU
		{EEE7E5A1-5EC3-46EC-BA46-5432B29E0101}.Release|Any CPU.Build.0 = Release|Any CPU
		{EEE7E5A1-5EC3-46EC-BA46-5432B29E0101}.Release|x64.ActiveCfg = Release|Any CPU
		{EEE7E5A1-5EC3-46EC-BA46-5432B29E0101}.Release|x64.Build.0 = Release|Any CPU
		{EEE7E5A1-5EC3-46EC-BA46-5432B29E0101}.Release|x86.ActiveCfg = Release|Any CPU
		{EEE7E5A1-5EC3-46EC-BA46-5432B29E0101}.Release|x86.Build.0 = Release|Any CPU
		{C98016F8-F8AC-4D51-9428-E0AFCF8202B6}.Debug|Any CPU.ActiveCfg = Debug|Any CPU
		{C98016F8-F8AC-4D51-9428-E0AFCF8202B6}.Debug|Any CPU.Build.0 = Debug|Any CPU
		{C98016F8-F8AC-4D51-9428-E0AFCF8202B6}.Debug|x64.ActiveCfg = Debug|Any CPU
		{C98016F8-F8AC-4D51-9428-E0AFCF8202B6}.Debug|x64.Build.0 = Debug|Any CPU
		{C98016F8-F8AC-4D51-9428-E0AFCF8202B6}.Debug|x86.ActiveCfg = Debug|Any CPU
		{C98016F8-F8AC-4D51-9428-E0AFCF8202B6}.Debug|x86.Build.0 = Debug|Any CPU
		{C98016F8-F8AC-4D51-9428-E0AFCF8202B6}.Release|Any CPU.ActiveCfg = Release|Any CPU
		{C98016F8-F8AC-4D51-9428-E0AFCF8202B6}.Release|Any CPU.Build.0 = Release|Any CPU
		{C98016F8-F8AC-4D51-9428-E0AFCF8202B6}.Release|x64.ActiveCfg = Release|Any CPU
		{C98016F8-F8AC-4D51-9428-E0AFCF8202B6}.Release|x64.Build.0 = Release|Any CPU
		{C98016F8-F8AC-4D51-9428-E0AFCF8202B6}.Release|x86.ActiveCfg = Release|Any CPU
		{C98016F8-F8AC-4D51-9428-E0AFCF8202B6}.Release|x86.Build.0 = Release|Any CPU
	EndGlobalSection
	GlobalSection(SolutionProperties) = preSolution
		HideSolutionNode = FALSE
	EndGlobalSection
	GlobalSection(NestedProjects) = preSolution
		{98762188-AE7D-4109-963E-D3EC267DADD4} = {A6A87B6F-E765-4D56-A361-58161ADD7B27}
		{C7AF0373-C09A-4E06-BCA5-5D6702CE4707} = {A6A87B6F-E765-4D56-A361-58161ADD7B27}
		{8546305E-BFE0-4B7B-B597-08D0B51AEBA1} = {A6A87B6F-E765-4D56-A361-58161ADD7B27}
		{0450DE1B-044D-4E46-B170-8CB2FFF04F15} = {A6A87B6F-E765-4D56-A361-58161ADD7B27}
		{DA698D2C-C404-4F36-9EA9-68627BCEF3EC} = {A6A87B6F-E765-4D56-A361-58161ADD7B27}
		{C90D80CD-F8AF-4E28-98A5-19595CE3A7B5} = {A6A87B6F-E765-4D56-A361-58161ADD7B27}
		{090B5141-8B22-49F4-9099-9307C9B12D7E} = {34FC62CD-1B1E-4972-B01C-5CFF8CA9EACA}
		{F38F988A-F143-4CB9-BAB6-805AF4700A39} = {090B5141-8B22-49F4-9099-9307C9B12D7E}
		{95191322-7386-4F04-B810-A758886FDA6D} = {A6A87B6F-E765-4D56-A361-58161ADD7B27}
		{23F141F5-8AC2-4035-8655-982120313B61} = {C90D80CD-F8AF-4E28-98A5-19595CE3A7B5}
		{EEE7E5A1-5EC3-46EC-BA46-5432B29E0101} = {C90D80CD-F8AF-4E28-98A5-19595CE3A7B5}
		{C98016F8-F8AC-4D51-9428-E0AFCF8202B6} = {A6A87B6F-E765-4D56-A361-58161ADD7B27}
	EndGlobalSection
	GlobalSection(ExtensibilityGlobals) = postSolution
		SolutionGuid = {61C244E8-ADD1-4681-A664-32E0F1E518C6}
	EndGlobalSection
EndGlobal
